
Microsoft Visual Studio Solution File, Format Version 12.00
# Visual Studio Version 17
VisualStudioVersion = 17.0.31903.59
MinimumVisualStudioVersion = 10.0.40219.1
Project("{2150E333-8FDC-42A3-9474-1A3956D46DE8}") = "src", "src", "{827E0CD3-B72D-47B6-A68D-7590B98EB39B}"
EndProject
Project("{FAE04EC0-301F-11D3-BF4B-00C04F79EFBC}") = "IshikawaRca.Web", "src\IshikawaRca.Web\IshikawaRca.Web.csproj", "{A6E52DF0-02BA-479F-9365-35C75D211589}"
EndProject
Project("{FAE04EC0-301F-11D3-BF4B-00C04F79EFBC}") = "IshikawaRca.Domain", "src\IshikawaRca.Domain\IshikawaRca.Domain.csproj", "{FC029F85-6FCD-4E47-BC94-3A03DC19E621}"
EndProject
Project("{FAE04EC0-301F-11D3-BF4B-00C04F79EFBC}") = "IshikawaRca.Contracts", "src\IshikawaRca.Contracts\IshikawaRca.Contracts.csproj", "{EB5CE97E-3D79-4395-B26E-B037313D54B4}"
EndProject
Project("{FAE04EC0-301F-11D3-BF4B-00C04F79EFBC}") = "IshikawaRca.Application", "src\IshikawaRca.Application\IshikawaRca.Application.csproj", "{D971314E-785E-44AC-B4F7-3AD4F1F87047}"
EndProject
Project("{FAE04EC0-301F-11D3-BF4B-00C04F79EFBC}") = "IshikawaRca.Infrastructure", "src\IshikawaRca.Infrastructure\IshikawaRca.Infrastructure.csproj", "{AD70FB95-097F-4B75-B0A4-73DBC56311C7}"
EndProject
Project("{2150E333-8FDC-42A3-9474-1A3956D46DE8}") = "tests", "tests", "{0AB3BF05-4346-4AA6-1389-037BE0695223}"
EndProject
Project("{FAE04EC0-301F-11D3-BF4B-00C04F79EFBC}") = "IshikawaRca.Tests", "tests\IshikawaRca.Tests\IshikawaRca.Tests.csproj", "{16936A85-F319-411B-960F-1BFD2609D14F}"
EndProject
Global
	GlobalSection(SolutionConfigurationPlatforms) = preSolution
		Debug|Any CPU = Debug|Any CPU
		Debug|x64 = Debug|x64
		Debug|x86 = Debug|x86
		Release|Any CPU = Release|Any CPU
		Release|x64 = Release|x64
		Release|x86 = Release|x86
	EndGlobalSection
	GlobalSection(ProjectConfigurationPlatforms) = postSolution
		{A6E52DF0-02BA-479F-9365-35C75D211589}.Debug|Any CPU.ActiveCfg = Debug|Any CPU
		{A6E52DF0-02BA-479F-9365-35C75D211589}.Debug|Any CPU.Build.0 = Debug|Any CPU
		{A6E52DF0-02BA-479F-9365-35C75D211589}.Debug|x64.ActiveCfg = Debug|Any CPU
		{A6E52DF0-02BA-479F-9365-35C75D211589}.Debug|x64.Build.0 = Debug|Any CPU
		{A6E52DF0-02BA-479F-9365-35C75D211589}.Debug|x86.ActiveCfg = Debug|Any CPU
		{A6E52DF0-02BA-479F-9365-35C75D211589}.Debug|x86.Build.0 = Debug|Any CPU
		{A6E52DF0-02BA-479F-9365-35C75D211589}.Release|Any CPU.ActiveCfg = Release|Any CPU
		{A6E52DF0-02BA-479F-9365-35C75D211589}.Release|Any CPU.Build.0 = Release|Any CPU
		{A6E52DF0-02BA-479F-9365-35C75D211589}.Release|x64.ActiveCfg = Release|Any CPU
		{A6E52DF0-02BA-479F-9365-35C75D211589}.Release|x64.Build.0 = Release|Any CPU
		{A6E52DF0-02BA-479F-9365-35C75D211589}.Release|x86.ActiveCfg = Release|Any CPU
		{A6E52DF0-02BA-479F-9365-35C75D211589}.Release|x86.Build.0 = Release|Any CPU
		{FC029F85-6FCD-4E47-BC94-3A03DC19E621}.Debug|Any CPU.ActiveCfg = Debug|Any CPU
		{FC029F85-6FCD-4E47-BC94-3A03DC19E621}.Debug|Any CPU.Build.0 = Debug|Any CPU
		{FC029F85-6FCD-4E47-BC94-3A03DC19E621}.Debug|x64.ActiveCfg = Debug|Any CPU
		{FC029F85-6FCD-4E47-BC94-3A03DC19E621}.Debug|x64.Build.0 = Debug|Any CPU
		{FC029F85-6FCD-4E47-BC94-3A03DC19E621}.Debug|x86.ActiveCfg = Debug|Any CPU
		{FC029F85-6FCD-4E47-BC94-3A03DC19E621}.Debug|x86.Build.0 = Debug|Any CPU
		{FC029F85-6FCD-4E47-BC94-3A03DC19E621}.Release|Any CPU.ActiveCfg = Release|Any CPU
		{FC029F85-6FCD-4E47-BC94-3A03DC19E621}.Release|Any CPU.Build.0 = Release|Any CPU
		{FC029F85-6FCD-4E47-BC94-3A03DC19E621}.Release|x64.ActiveCfg = Release|Any CPU
		{FC029F85-6FCD-4E47-BC94-3A03DC19E621}.Release|x64.Build.0 = Release|Any CPU
		{FC029F85-6FCD-4E47-BC94-3A03DC19E621}.Release|x86.ActiveCfg = Release|Any CPU
		{FC029F85-6FCD-4E47-BC94-3A03DC19E621}.Release|x86.Build.0 = Release|Any CPU
		{EB5CE97E-3D79-4395-B26E-B037313D54B4}.Debug|Any CPU.ActiveCfg = Debug|Any CPU
		{EB5CE97E-3D79-4395-B26E-B037313D54B4}.Debug|Any CPU.Build.0 = Debug|Any CPU
		{EB5CE97E-3D79-4395-B26E-B037313D54B4}.Debug|x64.ActiveCfg = Debug|Any CPU
		{EB5CE97E-3D79-4395-B26E-B037313D54B4}.Debug|x64.Build.0 = Debug|Any CPU
		{EB5CE97E-3D79-4395-B26E-B037313D54B4}.Debug|x86.ActiveCfg = Debug|Any CPU
		{EB5CE97E-3D79-4395-B26E-B037313D54B4}.Debug|x86.Build.0 = Debug|Any CPU
		{EB5CE97E-3D79-4395-B26E-B037313D54B4}.Release|Any CPU.ActiveCfg = Release|Any CPU
		{EB5CE97E-3D79-4395-B26E-B037313D54B4}.Release|Any CPU.Build.0 = Release|Any CPU
		{EB5CE97E-3D79-4395-B26E-B037313D54B4}.Release|x64.ActiveCfg = Release|Any CPU
		{EB5CE97E-3D79-4395-B26E-B037313D54B4}.Release|x64.Build.0 = Release|Any CPU
		{EB5CE97E-3D79-4395-B26E-B037313D54B4}.Release|x86.ActiveCfg = Release|Any CPU
		{EB5CE97E-3D79-4395-B26E-B037313D54B4}.Release|x86.Build.0 = Release|Any CPU
		{D971314E-785E-44AC-B4F7-3AD4F1F87047}.Debug|Any CPU.ActiveCfg = Debug|Any CPU
		{D971314E-785E-44AC-B4F7-3AD4F1F87047}.Debug|Any CPU.Build.0 = Debug|Any CPU
		{D971314E-785E-44AC-B4F7-3AD4F1F87047}.Debug|x64.ActiveCfg = Debug|Any CPU
		{D971314E-785E-44AC-B4F7-3AD4F1F87047}.Debug|x64.Build.0 = Debug|Any CPU
		{D971314E-785E-44AC-B4F7-3AD4F1F87047}.Debug|x86.ActiveCfg = Debug|Any CPU
		{D971314E-785E-44AC-B4F7-3AD4F1F87047}.Debug|x86.Build.0 = Debug|Any CPU
		{D971314E-785E-44AC-B4F7-3AD4F1F87047}.Release|Any CPU.ActiveCfg = Release|Any CPU
		{D971314E-785E-44AC-B4F7-3AD4F1F87047}.Release|Any CPU.Build.0 = Release|Any CPU
		{D971314E-785E-44AC-B4F7-3AD4F1F87047}.Release|x64.ActiveCfg = Release|Any CPU
		{D971314E-785E-44AC-B4F7-3AD4F1F87047}.Release|x64.Build.0 = Release|Any CPU
		{D971314E-785E-44AC-B4F7-3AD4F1F87047}.Release|x86.ActiveCfg = Release|Any CPU
		{D971314E-785E-44AC-B4F7-3AD4F1F87047}.Release|x86.Build.0 = Release|Any CPU
		{AD70FB95-097F-4B75-B0A4-73DBC56311C7}.Debug|Any CPU.ActiveCfg = Debug|Any CPU
		{AD70FB95-097F-4B75-B0A4-73DBC56311C7}.Debug|Any CPU.Build.0 = Debug|Any CPU
		{AD70FB95-097F-4B75-B0A4-73DBC56311C7}.Debug|x64.ActiveCfg = Debug|Any CPU
		{AD70FB95-097F-4B75-B0A4-73DBC56311C7}.Debug|x64.Build.0 = Debug|Any CPU
		{AD70FB95-097F-4B75-B0A4-73DBC56311C7}.Debug|x86.ActiveCfg = Debug|Any CPU
		{AD70FB95-097F-4B75-B0A4-73DBC56311C7}.Debug|x86.Build.0 = Debug|Any CPU
		{AD70FB95-097F-4B75-B0A4-73DBC56311C7}.Release|Any CPU.ActiveCfg = Release|Any CPU
		{AD70FB95-097F-4B75-B0A4-73DBC56311C7}.Release|Any CPU.Build.0 = Release|Any CPU
		{AD70FB95-097F-4B75-B0A4-73DBC56311C7}.Release|x64.ActiveCfg = Release|Any CPU
		{AD70FB95-097F-4B75-B0A4-73DBC56311C7}.Release|x64.Build.0 = Release|Any CPU
		{AD70FB95-097F-4B75-B0A4-73DBC56311C7}.Release|x86.ActiveCfg = Release|Any CPU
		{AD70FB95-097F-4B75-B0A4-73DBC56311C7}.Release|x86.Build.0 = Release|Any CPU
		{16936A85-F319-411B-960F-1BFD2609D14F}.Debug|Any CPU.ActiveCfg = Debug|Any CPU
		{16936A85-F319-411B-960F-1BFD2609D14F}.Debug|Any CPU.Build.0 = Debug|Any CPU
		{16936A85-F319-411B-960F-1BFD2609D14F}.Debug|x64.ActiveCfg = Debug|Any CPU
		{16936A85-F319-411B-960F-1BFD2609D14F}.Debug|x64.Build.0 = Debug|Any CPU
		{16936A85-F319-411B-960F-1BFD2609D14F}.Debug|x86.ActiveCfg = Debug|Any CPU
		{16936A85-F319-411B-960F-1BFD2609D14F}.Debug|x86.Build.0 = Debug|Any CPU
		{16936A85-F319-411B-960F-1BFD2609D14F}.Release|Any CPU.ActiveCfg = Release|Any CPU
		{16936A85-F319-411B-960F-1BFD2609D14F}.Release|Any CPU.Build.0 = Release|Any CPU
		{16936A85-F319-411B-960F-1BFD2609D14F}.Release|x64.ActiveCfg = Release|Any CPU
		{16936A85-F319-411B-960F-1BFD2609D14F}.Release|x64.Build.0 = Release|Any CPU
		{16936A85-F319-411B-960F-1BFD2609D14F}.Release|x86.ActiveCfg = Release|Any CPU
		{16936A85-F319-411B-960F-1BFD2609D14F}.Release|x86.Build.0 = Release|Any CPU
	EndGlobalSection
	GlobalSection(SolutionProperties) = preSolution
		HideSolutionNode = FALSE
	EndGlobalSection
	GlobalSection(NestedProjects) = preSolution
		{A6E52DF0-02BA-479F-9365-35C75D211589} = {827E0CD3-B72D-47B6-A68D-7590B98EB39B}
		{FC029F85-6FCD-4E47-BC94-3A03DC19E621} = {827E0CD3-B72D-47B6-A68D-7590B98EB39B}
		{EB5CE97E-3D79-4395-B26E-B037313D54B4} = {827E0CD3-B72D-47B6-A68D-7590B98EB39B}
		{D971314E-785E-44AC-B4F7-3AD4F1F87047} = {827E0CD3-B72D-47B6-A68D-7590B98EB39B}
		{AD70FB95-097F-4B75-B0A4-73DBC56311C7} = {827E0CD3-B72D-47B6-A68D-7590B98EB39B}
		{16936A85-F319-411B-960F-1BFD2609D14F} = {0AB3BF05-4346-4AA6-1389-037BE0695223}
	EndGlobalSection
EndGlobal
